// !$*UTF8*$!
{
	archiveVersion = 1;
	classes = {
	};
	objectVersion = 56;
	objects = {

/* Begin PBXBuildFile section */
		FA45A3352CA1B0E200043D6C /* MembersDetailsView.swift in Sources */ = {isa = PBXBuildFile; fileRef = FA45A3342CA1B0E200043D6C /* MembersDetailsView.swift */; };
		FA45A3392CA1B33900043D6C /* AddMemberView.swift in Sources */ = {isa = PBXBuildFile; fileRef = FA45A3382CA1B33900043D6C /* AddMemberView.swift */; };
		FA45A33B2CA1B8A000043D6C /* DashBoardListView.swift in Sources */ = {isa = PBXBuildFile; fileRef = FA45A33A2CA1B8A000043D6C /* DashBoardListView.swift */; };
		FA45A33D2CA1B98500043D6C /* DashBoardSummaryView.swift in Sources */ = {isa = PBXBuildFile; fileRef = FA45A33C2CA1B98500043D6C /* DashBoardSummaryView.swift */; };
		FA45A33F2CA1D15300043D6C /* AddTransactionView.swift in Sources */ = {isa = PBXBuildFile; fileRef = FA45A33E2CA1D15300043D6C /* AddTransactionView.swift */; };
		FA45A3432CA1D40100043D6C /* AddMealsView.swift in Sources */ = {isa = PBXBuildFile; fileRef = FA45A3422CA1D40100043D6C /* AddMealsView.swift */; };
		FA45A3452CA1DD0800043D6C /* AddBazarView.swift in Sources */ = {isa = PBXBuildFile; fileRef = FA45A3442CA1DD0800043D6C /* AddBazarView.swift */; };
		FA45A3472CA1E2DD00043D6C /* GridView.swift in Sources */ = {isa = PBXBuildFile; fileRef = FA45A3462CA1E2DD00043D6C /* GridView.swift */; };
		FA83A22E2CA72C600041B505 /* ToastView.swift in Sources */ = {isa = PBXBuildFile; fileRef = FA83A22D2CA72C600041B505 /* ToastView.swift */; };
		FAA37BDE2CA32B9C003243A0 /* Model.swift in Sources */ = {isa = PBXBuildFile; fileRef = FAA37BDD2CA32B9C003243A0 /* Model.swift */; };
		FABBBEC52CA06D1500046225 /* MealManagementApp.swift in Sources */ = {isa = PBXBuildFile; fileRef = FABBBEC42CA06D1500046225 /* MealManagementApp.swift */; };
		FABBBEC72CA06D1500046225 /* MainView.swift in Sources */ = {isa = PBXBuildFile; fileRef = FABBBEC62CA06D1500046225 /* MainView.swift */; };
		FABBBEC92CA06D1600046225 /* Assets.xcassets in Resources */ = {isa = PBXBuildFile; fileRef = FABBBEC82CA06D1600046225 /* Assets.xcassets */; };
		FABBBECC2CA06D1600046225 /* Preview Assets.xcassets in Resources */ = {isa = PBXBuildFile; fileRef = FABBBECB2CA06D1600046225 /* Preview Assets.xcassets */; };
		FABBBED32CA072C100046225 /* DashBoardView.swift in Sources */ = {isa = PBXBuildFile; fileRef = FABBBED22CA072C100046225 /* DashBoardView.swift */; };
		FABBBED52CA0892300046225 /* MembersView.swift in Sources */ = {isa = PBXBuildFile; fileRef = FABBBED42CA0892300046225 /* MembersView.swift */; };
		FABBBED72CA08BC800046225 /* MealManager.swift in Sources */ = {isa = PBXBuildFile; fileRef = FABBBED62CA08BC800046225 /* MealManager.swift */; };
		FAFC20982CA7D13800D9C1DE /* CustomPopupView.swift in Sources */ = {isa = PBXBuildFile; fileRef = FAFC20972CA7D13800D9C1DE /* CustomPopupView.swift */; };
/* End PBXBuildFile section */

/* Begin PBXFileReference section */
		FA45A3342CA1B0E200043D6C /* MembersDetailsView.swift */ = {isa = PBXFileReference; lastKnownFileType = sourcecode.swift; path = MembersDetailsView.swift; sourceTree = "<group>"; };
		FA45A3382CA1B33900043D6C /* AddMemberView.swift */ = {isa = PBXFileReference; lastKnownFileType = sourcecode.swift; path = AddMemberView.swift; sourceTree = "<group>"; };
		FA45A33A2CA1B8A000043D6C /* DashBoardListView.swift */ = {isa = PBXFileReference; lastKnownFileType = sourcecode.swift; path = DashBoardListView.swift; sourceTree = "<group>"; };
		FA45A33C2CA1B98500043D6C /* DashBoardSummaryView.swift */ = {isa = PBXFileReference; lastKnownFileType = sourcecode.swift; path = DashBoardSummaryView.swift; sourceTree = "<group>"; };
		FA45A33E2CA1D15300043D6C /* AddTransactionView.swift */ = {isa = PBXFileReference; lastKnownFileType = sourcecode.swift; path = AddTransactionView.swift; sourceTree = "<group>"; };
		FA45A3422CA1D40100043D6C /* AddMealsView.swift */ = {isa = PBXFileReference; lastKnownFileType = sourcecode.swift; path = AddMealsView.swift; sourceTree = "<group>"; };
		FA45A3442CA1DD0800043D6C /* AddBazarView.swift */ = {isa = PBXFileReference; lastKnownFileType = sourcecode.swift; path = AddBazarView.swift; sourceTree = "<group>"; };
		FA45A3462CA1E2DD00043D6C /* GridView.swift */ = {isa = PBXFileReference; lastKnownFileType = sourcecode.swift; path = GridView.swift; sourceTree = "<group>"; };
		FA83A22D2CA72C600041B505 /* ToastView.swift */ = {isa = PBXFileReference; lastKnownFileType = sourcecode.swift; path = ToastView.swift; sourceTree = "<group>"; };
		FAA37BDD2CA32B9C003243A0 /* Model.swift */ = {isa = PBXFileReference; lastKnownFileType = sourcecode.swift; path = Model.swift; sourceTree = "<group>"; };
		FABBBEC12CA06D1500046225 /* MealManagement.app */ = {isa = PBXFileReference; explicitFileType = wrapper.application; includeInIndex = 0; path = MealManagement.app; sourceTree = BUILT_PRODUCTS_DIR; };
		FABBBEC42CA06D1500046225 /* MealManagementApp.swift */ = {isa = PBXFileReference; lastKnownFileType = sourcecode.swift; path = MealManagementApp.swift; sourceTree = "<group>"; };
		FABBBEC62CA06D1500046225 /* MainView.swift */ = {isa = PBXFileReference; lastKnownFileType = sourcecode.swift; path = MainView.swift; sourceTree = "<group>"; };
		FABBBEC82CA06D1600046225 /* Assets.xcassets */ = {isa = PBXFileReference; lastKnownFileType = folder.assetcatalog; path = Assets.xcassets; sourceTree = "<group>"; };
		FABBBECB2CA06D1600046225 /* Preview Assets.xcassets */ = {isa = PBXFileReference; lastKnownFileType = folder.assetcatalog; path = "Preview Assets.xcassets"; sourceTree = "<group>"; };
		FABBBED22CA072C100046225 /* DashBoardView.swift */ = {isa = PBXFileReference; lastKnownFileType = sourcecode.swift; path = DashBoardView.swift; sourceTree = "<group>"; };
		FABBBED42CA0892300046225 /* MembersView.swift */ = {isa = PBXFileReference; lastKnownFileType = sourcecode.swift; path = MembersView.swift; sourceTree = "<group>"; };
		FABBBED62CA08BC800046225 /* MealManager.swift */ = {isa = PBXFileReference; lastKnownFileType = sourcecode.swift; path = MealManager.swift; sourceTree = "<group>"; };
		FAFC20972CA7D13800D9C1DE /* CustomPopupView.swift */ = {isa = PBXFileReference; lastKnownFileType = sourcecode.swift; path = CustomPopupView.swift; sourceTree = "<group>"; };
/* End PBXFileReference section */

/* Begin PBXFrameworksBuildPhase section */
		FABBBEBE2CA06D1500046225 /* Frameworks */ = {
			isa = PBXFrameworksBuildPhase;
			buildActionMask = 2147483647;
			files = (
			);
			runOnlyForDeploymentPostprocessing = 0;
		};
/* End PBXFrameworksBuildPhase section */

/* Begin PBXGroup section */
		FAA37BD92CA32A29003243A0 /* AddTransaction */ = {
			isa = PBXGroup;
			children = (
				FA45A3462CA1E2DD00043D6C /* GridView.swift */,
				FA45A3442CA1DD0800043D6C /* AddBazarView.swift */,
				FA45A33E2CA1D15300043D6C /* AddTransactionView.swift */,
				FAFC20972CA7D13800D9C1DE /* CustomPopupView.swift */,
				FA45A3422CA1D40100043D6C /* AddMealsView.swift */,
				FA83A22D2CA72C600041B505 /* ToastView.swift */,
			);
			path = AddTransaction;
			sourceTree = "<group>";
		};
		FAA37BDA2CA32A8E003243A0 /* Member */ = {
			isa = PBXGroup;
			children = (
				FA45A3342CA1B0E200043D6C /* MembersDetailsView.swift */,
				FABBBED42CA0892300046225 /* MembersView.swift */,
				FA45A3382CA1B33900043D6C /* AddMemberView.swift */,
			);
			path = Member;
			sourceTree = "<group>";
		};
		FAA37BDB2CA32AEB003243A0 /* Home */ = {
			isa = PBXGroup;
			children = (
				FABBBED22CA072C100046225 /* DashBoardView.swift */,
				FA45A33C2CA1B98500043D6C /* DashBoardSummaryView.swift */,
				FA45A33A2CA1B8A000043D6C /* DashBoardListView.swift */,
			);
			path = Home;
			sourceTree = "<group>";
		};
		FAA37BDC2CA32B79003243A0 /* Manager */ = {
			isa = PBXGroup;
			children = (
				FABBBED62CA08BC800046225 /* MealManager.swift */,
				FAA37BDD2CA32B9C003243A0 /* Model.swift */,
			);
			path = Manager;
			sourceTree = "<group>";
		};
		FABBBEB82CA06D1500046225 = {
			isa = PBXGroup;
			children = (
				FABBBEC32CA06D1500046225 /* MealManagement */,
				FABBBEC22CA06D1500046225 /* Products */,
			);
			sourceTree = "<group>";
		};
		FABBBEC22CA06D1500046225 /* Products */ = {
			isa = PBXGroup;
			children = (
				FABBBEC12CA06D1500046225 /* MealManagement.app */,
			);
			name = Products;
			sourceTree = "<group>";
		};
		FABBBEC32CA06D1500046225 /* MealManagement */ = {
			isa = PBXGroup;
			children = (
				FABBBEC42CA06D1500046225 /* MealManagementApp.swift */,
				FAA37BDB2CA32AEB003243A0 /* Home */,
				FABBBEC62CA06D1500046225 /* MainView.swift */,
				FAA37BD92CA32A29003243A0 /* AddTransaction */,
				FABBBEC82CA06D1600046225 /* Assets.xcassets */,
				FABBBECA2CA06D1600046225 /* Preview Content */,
				FAA37BDA2CA32A8E003243A0 /* Member */,
				FAA37BDC2CA32B79003243A0 /* Manager */,
			);
			path = MealManagement;
			sourceTree = "<group>";
		};
		FABBBECA2CA06D1600046225 /* Preview Content */ = {
			isa = PBXGroup;
			children = (
				FABBBECB2CA06D1600046225 /* Preview Assets.xcassets */,
			);
			path = "Preview Content";
			sourceTree = "<group>";
		};
/* End PBXGroup section */

/* Begin PBXNativeTarget section */
		FABBBEC02CA06D1500046225 /* MealManagement */ = {
			isa = PBXNativeTarget;
			buildConfigurationList = FABBBECF2CA06D1600046225 /* Build configuration list for PBXNativeTarget "MealManagement" */;
			buildPhases = (
				FABBBEBD2CA06D1500046225 /* Sources */,
				FABBBEBE2CA06D1500046225 /* Frameworks */,
				FABBBEBF2CA06D1500046225 /* Resources */,
			);
			buildRules = (
			);
			dependencies = (
			);
			name = MealManagement;
			productName = MealManagement;
			productReference = FABBBEC12CA06D1500046225 /* MealManagement.app */;
			productType = "com.apple.product-type.application";
		};
/* End PBXNativeTarget section */

/* Begin PBXProject section */
		FABBBEB92CA06D1500046225 /* Project object */ = {
			isa = PBXProject;
			attributes = {
				BuildIndependentTargetsInParallel = 1;
				LastSwiftUpdateCheck = 1420;
				LastUpgradeCheck = 1420;
				TargetAttributes = {
					FABBBEC02CA06D1500046225 = {
						CreatedOnToolsVersion = 14.2;
					};
				};
			};
			buildConfigurationList = FABBBEBC2CA06D1500046225 /* Build configuration list for PBXProject "MealManagement" */;
			compatibilityVersion = "Xcode 14.0";
			developmentRegion = en;
			hasScannedForEncodings = 0;
			knownRegions = (
				en,
				Base,
			);
			mainGroup = FABBBEB82CA06D1500046225;
			productRefGroup = FABBBEC22CA06D1500046225 /* Products */;
			projectDirPath = "";
			projectRoot = "";
			targets = (
				FABBBEC02CA06D1500046225 /* MealManagement */,
			);
		};
/* End PBXProject section */

/* Begin PBXResourcesBuildPhase section */
		FABBBEBF2CA06D1500046225 /* Resources */ = {
			isa = PBXResourcesBuildPhase;
			buildActionMask = 2147483647;
			files = (
				FABBBECC2CA06D1600046225 /* Preview Assets.xcassets in Resources */,
				FABBBEC92CA06D1600046225 /* Assets.xcassets in Resources */,
			);
			runOnlyForDeploymentPostprocessing = 0;
		};
/* End PBXResourcesBuildPhase section */

/* Begin PBXSourcesBuildPhase section */
		FABBBEBD2CA06D1500046225 /* Sources */ = {
			isa = PBXSourcesBuildPhase;
			buildActionMask = 2147483647;
			files = (
				FA45A33B2CA1B8A000043D6C /* DashBoardListView.swift in Sources */,
				FABBBED72CA08BC800046225 /* MealManager.swift in Sources */,
				FA45A3392CA1B33900043D6C /* AddMemberView.swift in Sources */,
				FA45A3472CA1E2DD00043D6C /* GridView.swift in Sources */,
				FA83A22E2CA72C600041B505 /* ToastView.swift in Sources */,
				FABBBED32CA072C100046225 /* DashBoardView.swift in Sources */,
				FABBBEC72CA06D1500046225 /* MainView.swift in Sources */,
				FA45A3452CA1DD0800043D6C /* AddBazarView.swift in Sources */,
				FAA37BDE2CA32B9C003243A0 /* Model.swift in Sources */,
				FABBBED52CA0892300046225 /* MembersView.swift in Sources */,
				FA45A33D2CA1B98500043D6C /* DashBoardSummaryView.swift in Sources */,
				FAFC20982CA7D13800D9C1DE /* CustomPopupView.swift in Sources */,
				FABBBEC52CA06D1500046225 /* MealManagementApp.swift in Sources */,
				FA45A3352CA1B0E200043D6C /* MembersDetailsView.swift in Sources */,
				FA45A3432CA1D40100043D6C /* AddMealsView.swift in Sources */,
				FA45A33F2CA1D15300043D6C /* AddTransactionView.swift in Sources */,
			);
			runOnlyForDeploymentPostprocessing = 0;
		};
/* End PBXSourcesBuildPhase section */

/* Begin XCBuildConfiguration section */
		FABBBECD2CA06D1600046225 /* Debug */ = {
			isa = XCBuildConfiguration;
			buildSettings = {
				ALWAYS_SEARCH_USER_PATHS = NO;
				CLANG_ANALYZER_NONNULL = YES;
				CLANG_ANALYZER_NUMBER_OBJECT_CONVERSION = YES_AGGRESSIVE;
				CLANG_CXX_LANGUAGE_STANDARD = "gnu++20";
				CLANG_ENABLE_MODULES = YES;
				CLANG_ENABLE_OBJC_ARC = YES;
				CLANG_ENABLE_OBJC_WEAK = YES;
				CLANG_WARN_BLOCK_CAPTURE_AUTORELEASING = YES;
				CLANG_WARN_BOOL_CONVERSION = YES;
				CLANG_WARN_COMMA = YES;
				CLANG_WARN_CONSTANT_CONVERSION = YES;
				CLANG_WARN_DEPRECATED_OBJC_IMPLEMENTATIONS = YES;
				CLANG_WARN_DIRECT_OBJC_ISA_USAGE = YES_ERROR;
				CLANG_WARN_DOCUMENTATION_COMMENTS = YES;
				CLANG_WARN_EMPTY_BODY = YES;
				CLANG_WARN_ENUM_CONVERSION = YES;
				CLANG_WARN_INFINITE_RECURSION = YES;
				CLANG_WARN_INT_CONVERSION = YES;
				CLANG_WARN_NON_LITERAL_NULL_CONVERSION = YES;
				CLANG_WARN_OBJC_IMPLICIT_RETAIN_SELF = YES;
				CLANG_WARN_OBJC_LITERAL_CONVERSION = YES;
				CLANG_WARN_OBJC_ROOT_CLASS = YES_ERROR;
				CLANG_WARN_QUOTED_INCLUDE_IN_FRAMEWORK_HEADER = YES;
				CLANG_WARN_RANGE_LOOP_ANALYSIS = YES;
				CLANG_WARN_STRICT_PROTOTYPES = YES;
				CLANG_WARN_SUSPICIOUS_MOVE = YES;
				CLANG_WARN_UNGUARDED_AVAILABILITY = YES_AGGRESSIVE;
				CLANG_WARN_UNREACHABLE_CODE = YES;
				CLANG_WARN__DUPLICATE_METHOD_MATCH = YES;
				COPY_PHASE_STRIP = NO;
				DEBUG_INFORMATION_FORMAT = dwarf;
				ENABLE_STRICT_OBJC_MSGSEND = YES;
				ENABLE_TESTABILITY = YES;
				GCC_C_LANGUAGE_STANDARD = gnu11;
				GCC_DYNAMIC_NO_PIC = NO;
				GCC_NO_COMMON_BLOCKS = YES;
				GCC_OPTIMIZATION_LEVEL = 0;
				GCC_PREPROCESSOR_DEFINITIONS = (
					"DEBUG=1",
					"$(inherited)",
				);
				GCC_WARN_64_TO_32_BIT_CONVERSION = YES;
				GCC_WARN_ABOUT_RETURN_TYPE = YES_ERROR;
				GCC_WARN_UNDECLARED_SELECTOR = YES;
				GCC_WARN_UNINITIALIZED_AUTOS = YES_AGGRESSIVE;
				GCC_WARN_UNUSED_FUNCTION = YES;
				GCC_WARN_UNUSED_VARIABLE = YES;
				IPHONEOS_DEPLOYMENT_TARGET = 16.2;
				MTL_ENABLE_DEBUG_INFO = INCLUDE_SOURCE;
				MTL_FAST_MATH = YES;
				ONLY_ACTIVE_ARCH = YES;
				SDKROOT = iphoneos;
				SWIFT_ACTIVE_COMPILATION_CONDITIONS = DEBUG;
				SWIFT_OPTIMIZATION_LEVEL = "-Onone";
			};
			name = Debug;
		};
		FABBBECE2CA06D1600046225 /* Release */ = {
			isa = XCBuildConfiguration;
			buildSettings = {
				ALWAYS_SEARCH_USER_PATHS = NO;
				CLANG_ANALYZER_NONNULL = YES;
				CLANG_ANALYZER_NUMBER_OBJECT_CONVERSION = YES_AGGRESSIVE;
				CLANG_CXX_LANGUAGE_STANDARD = "gnu++20";
				CLANG_ENABLE_MODULES = YES;
				CLANG_ENABLE_OBJC_ARC = YES;
				CLANG_ENABLE_OBJC_WEAK = YES;
				CLANG_WARN_BLOCK_CAPTURE_AUTORELEASING = YES;
				CLANG_WARN_BOOL_CONVERSION = YES;
				CLANG_WARN_COMMA = YES;
				CLANG_WARN_CONSTANT_CONVERSION = YES;
				CLANG_WARN_DEPRECATED_OBJC_IMPLEMENTATIONS = YES;
				CLANG_WARN_DIRECT_OBJC_ISA_USAGE = YES_ERROR;
				CLANG_WARN_DOCUMENTATION_COMMENTS = YES;
				CLANG_WARN_EMPTY_BODY = YES;
				CLANG_WARN_ENUM_CONVERSION = YES;
				CLANG_WARN_INFINITE_RECURSION = YES;
				CLANG_WARN_INT_CONVERSION = YES;
				CLANG_WARN_NON_LITERAL_NULL_CONVERSION = YES;
				CLANG_WARN_OBJC_IMPLICIT_RETAIN_SELF = YES;
				CLANG_WARN_OBJC_LITERAL_CONVERSION = YES;
				CLANG_WARN_OBJC_ROOT_CLASS = YES_ERROR;
				CLANG_WARN_QUOTED_INCLUDE_IN_FRAMEWORK_HEADER = YES;
				CLANG_WARN_RANGE_LOOP_ANALYSIS = YES;
				CLANG_WARN_STRICT_PROTOTYPES = YES;
				CLANG_WARN_SUSPICIOUS_MOVE = YES;
				CLANG_WARN_UNGUARDED_AVAILABILITY = YES_AGGRESSIVE;
				CLANG_WARN_UNREACHABLE_CODE = YES;
				CLANG_WARN__DUPLICATE_METHOD_MATCH = YES;
				COPY_PHASE_STRIP = NO;
				DEBUG_INFORMATION_FORMAT = "dwarf-with-dsym";
				ENABLE_NS_ASSERTIONS = NO;
				ENABLE_STRICT_OBJC_MSGSEND = YES;
				GCC_C_LANGUAGE_STANDARD = gnu11;
				GCC_NO_COMMON_BLOCKS = YES;
				GCC_WARN_64_TO_32_BIT_CONVERSION = YES;
				GCC_WARN_ABOUT_RETURN_TYPE = YES_ERROR;
				GCC_WARN_UNDECLARED_SELECTOR = YES;
				GCC_WARN_UNINITIALIZED_AUTOS = YES_AGGRESSIVE;
				GCC_WARN_UNUSED_FUNCTION = YES;
				GCC_WARN_UNUSED_VARIABLE = YES;
				IPHONEOS_DEPLOYMENT_TARGET = 16.2;
				MTL_ENABLE_DEBUG_INFO = NO;
				MTL_FAST_MATH = YES;
				SDKROOT = iphoneos;
				SWIFT_COMPILATION_MODE = wholemodule;
				SWIFT_OPTIMIZATION_LEVEL = "-O";
				VALIDATE_PRODUCT = YES;
			};
			name = Release;
		};
		FABBBED02CA06D1600046225 /* Debug */ = {
			isa = XCBuildConfiguration;
			buildSettings = {
				ASSETCATALOG_COMPILER_APPICON_NAME = AppIcon;
				ASSETCATALOG_COMPILER_GLOBAL_ACCENT_COLOR_NAME = AccentColor;
				CODE_SIGN_STYLE = Automatic;
				CURRENT_PROJECT_VERSION = 1;
				DEVELOPMENT_ASSET_PATHS = "\"MealManagement/Preview Content\"";
				DEVELOPMENT_TEAM = RMN2AHL5FB;
				ENABLE_PREVIEWS = YES;
				GENERATE_INFOPLIST_FILE = YES;
				INFOPLIST_KEY_UIApplicationSceneManifest_Generation = YES;
				INFOPLIST_KEY_UIApplicationSupportsIndirectInputEvents = YES;
				INFOPLIST_KEY_UILaunchScreen_Generation = YES;
				INFOPLIST_KEY_UISupportedInterfaceOrientations_iPad = "UIInterfaceOrientationPortrait UIInterfaceOrientationPortraitUpsideDown UIInterfaceOrientationLandscapeLeft UIInterfaceOrientationLandscapeRight";
				INFOPLIST_KEY_UISupportedInterfaceOrientations_iPhone = "UIInterfaceOrientationPortrait UIInterfaceOrientationLandscapeLeft UIInterfaceOrientationLandscapeRight";
				LD_RUNPATH_SEARCH_PATHS = (
					"$(inherited)",
					"@executable_path/Frameworks",
				);
				MARKETING_VERSION = 1.0;
				PRODUCT_BUNDLE_IDENTIFIER = rakib.MealManagement;
				PRODUCT_NAME = "$(TARGET_NAME)";
				SWIFT_EMIT_LOC_STRINGS = YES;
				SWIFT_VERSION = 5.0;
				TARGETED_DEVICE_FAMILY = "1,2";
			};
			name = Debug;
		};
		FABBBED12CA06D1600046225 /* Release */ = {
			isa = XCBuildConfiguration;
			buildSettings = {
				ASSETCATALOG_COMPILER_APPICON_NAME = AppIcon;
				ASSETCATALOG_COMPILER_GLOBAL_ACCENT_COLOR_NAME = AccentColor;
				CODE_SIGN_STYLE = Automatic;
				CURRENT_PROJECT_VERSION = 1;
				DEVELOPMENT_ASSET_PATHS = "\"MealManagement/Preview Content\"";
				DEVELOPMENT_TEAM = RMN2AHL5FB;
				ENABLE_PREVIEWS = YES;
				GENERATE_INFOPLIST_FILE = YES;
				INFOPLIST_KEY_UIApplicationSceneManifest_Generation = YES;
				INFOPLIST_KEY_UIApplicationSupportsIndirectInputEvents = YES;
				INFOPLIST_KEY_UILaunchScreen_Generation = YES;
				INFOPLIST_KEY_UISupportedInterfaceOrientations_iPad = "UIInterfaceOrientationPortrait UIInterfaceOrientationPortraitUpsideDown UIInterfaceOrientationLandscapeLeft UIInterfaceOrientationLandscapeRight";
				INFOPLIST_KEY_UISupportedInterfaceOrientations_iPhone = "UIInterfaceOrientationPortrait UIInterfaceOrientationLandscapeLeft UIInterfaceOrientationLandscapeRight";
				LD_RUNPATH_SEARCH_PATHS = (
					"$(inherited)",
					"@executable_path/Frameworks",
				);
				MARKETING_VERSION = 1.0;
				PRODUCT_BUNDLE_IDENTIFIER = rakib.MealManagement;
				PRODUCT_NAME = "$(TARGET_NAME)";
				SWIFT_EMIT_LOC_STRINGS = YES;
				SWIFT_VERSION = 5.0;
				TARGETED_DEVICE_FAMILY = "1,2";
			};
			name = Release;
		};
/* End XCBuildConfiguration section */

/* Begin XCConfigurationList section */
		FABBBEBC2CA06D1500046225 /* Build configuration list for PBXProject "MealManagement" */ = {
			isa = XCConfigurationList;
			buildConfigurations = (
				FABBBECD2CA06D1600046225 /* Debug */,
				FABBBECE2CA06D1600046225 /* Release */,
			);
			defaultConfigurationIsVisible = 0;
			defaultConfigurationName = Release;
		};
		FABBBECF2CA06D1600046225 /* Build configuration list for PBXNativeTarget "MealManagement" */ = {
			isa = XCConfigurationList;
			buildConfigurations = (
				FABBBED02CA06D1600046225 /* Debug */,
				FABBBED12CA06D1600046225 /* Release */,
			);
			defaultConfigurationIsVisible = 0;
			defaultConfigurationName = Release;
		};
/* End XCConfigurationList section */
	};
	rootObject = FABBBEB92CA06D1500046225 /* Project object */;
}
